
Microsoft Visual Studio Solution File, Format Version 12.00
# Visual Studio Version 17
VisualStudioVersion = 17.6.33829.357
MinimumVisualStudioVersion = 10.0.40219.1
Project("{FAE04EC0-301F-11D3-BF4B-00C04F79EFBC}") = "UploadImageApi", "UploadImageApi\UploadImageApi.csproj", "{BD78C1A4-9D93-4AA2-BADC-774ACAA81563}"
EndProject
Global
	GlobalSection(SolutionConfigurationPlatforms) = preSolution
		Debug|Any CPU = Debug|Any CPU
		Release|Any CPU = Release|Any CPU
	EndGlobalSection
	GlobalSection(ProjectConfigurationPlatforms) = postSolution
		{BD78C1A4-9D93-4AA2-BADC-774ACAA81563}.Debug|Any CPU.ActiveCfg = Debug|Any CPU
		{BD78C1A4-9D93-4AA2-BADC-774ACAA81563}.Debug|Any CPU.Build.0 = Debug|Any CPU
		{BD78C1A4-9D93-4AA2-BADC-774ACAA81563}.Release|Any CPU.ActiveCfg = Release|Any CPU
		{BD78C1A4-9D93-4AA2-BADC-774ACAA81563}.Release|Any CPU.Build.0 = Release|Any CPU
	EndGlobalSection
	GlobalSection(SolutionProperties) = preSolution
		HideSolutionNode = FALSE
	EndGlobalSection
	GlobalSection(ExtensibilityGlobals) = postSolution
		SolutionGuid = {FF0ABBE7-BCED-44A2-8D59-D43FDBBBA163}
	EndGlobalSection
EndGlobal
